
Microsoft Visual Studio Solution File, Format Version 12.00
# Visual Studio Version 17
VisualStudioVersion = 17.6.33829.357
MinimumVisualStudioVersion = 10.0.40219.1
Project("{FAE04EC0-301F-11D3-BF4B-00C04F79EFBC}") = "UniVerServer", "UniVerServer.csproj", "{AEF9B620-A524-4BDF-A5A4-31F2636251F1}"
EndProject
Global
	GlobalSection(SolutionConfigurationPlatforms) = preSolution
		Debug|Any CPU = Debug|Any CPU
		Release|Any CPU = Release|Any CPU
	EndGlobalSection
	GlobalSection(ProjectConfigurationPlatforms) = postSolution
		{AEF9B620-A524-4BDF-A5A4-31F2636251F1}.Debug|Any CPU.ActiveCfg = Debug|Any CPU
		{AEF9B620-A524-4BDF-A5A4-31F2636251F1}.Debug|Any CPU.Build.0 = Debug|Any CPU
		{AEF9B620-A524-4BDF-A5A4-31F2636251F1}.Release|Any CPU.ActiveCfg = Release|Any CPU
		{AEF9B620-A524-4BDF-A5A4-31F2636251F1}.Release|Any CPU.Build.0 = Release|Any CPU
	EndGlobalSection
	GlobalSection(SolutionProperties) = preSolution
		HideSolutionNode = FALSE
	EndGlobalSection
	GlobalSection(ExtensibilityGlobals) = postSolution
		SolutionGuid = {5A490443-1CA7-4CC2-86D4-94D3F1E31750}
	EndGlobalSection
EndGlobal
